
Microsoft Visual Studio Solution File, Format Version 12.00
Project("{FAE04EC0-301F-11D3-BF4B-00C04F79EFBC}") = "ManageStudent", "ManageStudent.csproj", "{06733B7C-CD49-44CC-87DF-445092F10761}"
EndProject
Global
	GlobalSection(SolutionConfigurationPlatforms) = preSolution
		Debug|Any CPU = Debug|Any CPU
		Release|Any CPU = Release|Any CPU
	EndGlobalSection
	GlobalSection(ProjectConfigurationPlatforms) = postSolution
		{06733B7C-CD49-44CC-87DF-445092F10761}.Debug|Any CPU.ActiveCfg = Debug|Any CPU
		{06733B7C-CD49-44CC-87DF-445092F10761}.Debug|Any CPU.Build.0 = Debug|Any CPU
		{06733B7C-CD49-44CC-87DF-445092F10761}.Release|Any CPU.ActiveCfg = Release|Any CPU
		{06733B7C-CD49-44CC-87DF-445092F10761}.Release|Any CPU.Build.0 = Release|Any CPU
	EndGlobalSection
EndGlobal
